github.com/aws/aws-sdk-go v1.15.50 h1:3QZIQeiRXEMTs+w+BQ2c/3Fi9/Qz9KnipT/M7YI1ub4=
github.com/aws/aws-sdk-go v1.15.50/go.mod h1:mFuSZ37Z9YOHbQEwBWztmVzqXrEkub65tZoCYDt7FT0=
github.com/go-ini/ini v1.25.4 h1:Mujh4R/dH6YL8bxuISne3xX2+qcQ9p0IxKAP6ExWoUo=
github.com/go-ini/ini v1.25.4/go.mod h1:ByCAeIL28uOIIG0E3PJtZPDL8WnHpFKFOtgjp+3Ies8=
github.com/google/uuid v1.0.0 h1:b4Gk+7WdP/d3HZH8EJsZpvV7EtDOgaZLtnaNGIu1adA=
github.com/google/uuid v1.0.0/go.mod h1:TIyPZe4MgqvfeYDBFedMoGGpEw/LqOeaOT+nhxU+yHo=
github.com/jmespath/go-jmespath v0.0.0-20160202185014-0b12d6b521d8 h1:12VvqtR6Aowv3l/EQUlocDHW2Cp4G9WJVH7uyH8QFJE=
github.com/jmespath/go-jmespath v0.0.0-20160202185014-0b12d6b521d8/go.mod h1:Nht3zPeWKUH0NzdCt2Blrr5ys8VGpn0CEB0cQHVjt7k=
github.com/kballard/go-shellquote v0.0.0-20180428030007-95032a82bc51 h1:Z9n2FFNUXsshfwJMBgNA0RU6/i7WVaAegv3PtuIHPMs=
github.com/kballard/go-shellquote v0.0.0-20180428030007-95032a82bc51/go.mod h1:CzGEWj7cYgsdH8dAjBGEr58BoE7ScuLd+fwFZ44+/x8=
github.com/miquella/ask v0.0.0-20160723172844-486a722fa4cd h1:jb8vD6LSmxMg7JXOxr6Fa83ipDtGtYdOmE3KvAbQDBU=
github.com/miquella/ask v0.0.0-20160723172844-486a722fa4cd/go.mod h1:5hBixDZi2issKiqBf4oQ5c8BauqAYOOrkFOjG4eiUWk=
github.com/miquella/vaulted v0.0.0-20171024202129-1369f01a588c h1:SAQz2/2VpXUYqvlMDfvAB6M+qipApfrmOPxbimg/TGk=
github.com/miquella/vaulted v0.0.0-20171024202129-1369f01a588c/go.mod h1:5aY+Q+ftiXPLxzovWnHAPbkGqQo+jIub7KIvVuzjC4c=
github.com/miquella/vaulted v2.2.0+incompatible h1:aRPsDp9ytYGu/6EE5navx24JcyvohQjm4PugH901UYg=
github.com/miquella/vaulted v2.2.0+incompatible/go.mod h1:5aY+Q+ftiXPLxzovWnHAPbkGqQo+jIub7KIvVuzjC4c=
github.com/miquella/xdg v0.0.0-20160803023625-1ee6df0d5562 h1:e6mZTBVGJWBtdlqflrZJTVGmelRyCHggjUG2aULzLBU=
github.com/miquella/xdg v0.0.0-20160803023625-1ee6df0d5562/go.mod h1:g8uVrUbcx+7tDosTwHzv4LIHPbPFU9wVUklvpPZu04Q=
golang.org/x/crypto v0.0.0-20181001203147-e3636079e1a4 h1:Vk3wNqEZwyGyei9yq5ekj7frek2u7HUfffJ1/opblzc=
golang.org/x/crypto v0.0.0-20181001203147-e3636079e1a4/go.mod h1:6SG95UA2DQfeDnfUPMdvaQW0Q7yPrPDi9nlGo2tz2b4=
